
Microsoft Visual Studio Solution File, Format Version 12.00
# Visual Studio 15
VisualStudioVersion = 15.0.28307.852
MinimumVisualStudioVersion = 10.0.40219.1
Project("{FAE04EC0-301F-11D3-BF4B-00C04F79EFBC}") = "TallerMecanico", "TallerMecanico\TallerMecanico.csproj", "{70076A95-B454-475D-AD67-28DE578E47E4}"
EndProject
Project("{54435603-DBB4-11D2-8724-00A0C9A8B90C}") = "Taller_Mecanico", "Taller_Mecanico\Taller_Mecanico.vdproj", "{5394941F-FFE7-45B0-B470-C0CEC5177215}"
EndProject
Global
	GlobalSection(SolutionConfigurationPlatforms) = preSolution
		Debug|Any CPU = Debug|Any CPU
		Release|Any CPU = Release|Any CPU
	EndGlobalSection
	GlobalSection(ProjectConfigurationPlatforms) = postSolution
		{70076A95-B454-475D-AD67-28DE578E47E4}.Debug|Any CPU.ActiveCfg = Debug|Any CPU
		{70076A95-B454-475D-AD67-28DE578E47E4}.Debug|Any CPU.Build.0 = Debug|Any CPU
		{70076A95-B454-475D-AD67-28DE578E47E4}.Release|Any CPU.ActiveCfg = Release|Any CPU
		{70076A95-B454-475D-AD67-28DE578E47E4}.Release|Any CPU.Build.0 = Release|Any CPU
		{5394941F-FFE7-45B0-B470-C0CEC5177215}.Debug|Any CPU.ActiveCfg = Debug
		{5394941F-FFE7-45B0-B470-C0CEC5177215}.Release|Any CPU.ActiveCfg = Release
	EndGlobalSection
	GlobalSection(SolutionProperties) = preSolution
		HideSolutionNode = FALSE
	EndGlobalSection
	GlobalSection(ExtensibilityGlobals) = postSolution
		SolutionGuid = {443A2535-448E-4E91-ABED-36076C87D03C}
	EndGlobalSection
EndGlobal
